// !$*UTF8*$!
{
	archiveVersion = 1;
	classes = {
	};
	objectVersion = 77;
	objects = {

/* Begin PBXContainerItemProxy section */
		92B60BE72CB2A7FE003A35DD /* PBXContainerItemProxy */ = {
			isa = PBXContainerItemProxy;
			containerPortal = 92B60BCC2CB2A7C5003A35DD /* Project object */;
			proxyType = 1;
			remoteGlobalIDString = 92B60BD32CB2A7C5003A35DD;
			remoteInfo = MacroAfternoon04;
		};
		92B60BF12CB2A7FE003A35DD /* PBXContainerItemProxy */ = {
			isa = PBXContainerItemProxy;
			containerPortal = 92B60BCC2CB2A7C5003A35DD /* Project object */;
			proxyType = 1;
			remoteGlobalIDString = 92B60BD32CB2A7C5003A35DD;
			remoteInfo = MacroAfternoon04;
		};
/* End PBXContainerItemProxy section */

/* Begin PBXFileReference section */
		92B60BD42CB2A7C5003A35DD /* MacroAfternoon04.app */ = {isa = PBXFileReference; explicitFileType = wrapper.application; includeInIndex = 0; path = MacroAfternoon04.app; sourceTree = BUILT_PRODUCTS_DIR; };
		92B60BE62CB2A7FE003A35DD /* MacroAfternoon04Tests.xctest */ = {isa = PBXFileReference; explicitFileType = wrapper.cfbundle; includeInIndex = 0; path = MacroAfternoon04Tests.xctest; sourceTree = BUILT_PRODUCTS_DIR; };
		92B60BF02CB2A7FE003A35DD /* MacroAfternoon04UITests.xctest */ = {isa = PBXFileReference; explicitFileType = wrapper.cfbundle; includeInIndex = 0; path = MacroAfternoon04UITests.xctest; sourceTree = BUILT_PRODUCTS_DIR; };
/* End PBXFileReference section */

/* Begin PBXFileSystemSynchronizedBuildFileExceptionSet section */
		8D007CE92CD8FEB800FB9E3A /* Exceptions for "MacroAfternoon04" folder in "MacroAfternoon04" target */ = {
			isa = PBXFileSystemSynchronizedBuildFileExceptionSet;
			membershipExceptions = (
				Info.plist,
			);
			target = 92B60BD32CB2A7C5003A35DD /* MacroAfternoon04 */;
		};
/* End PBXFileSystemSynchronizedBuildFileExceptionSet section */

/* Begin PBXFileSystemSynchronizedRootGroup section */
		92B60BD62CB2A7C5003A35DD /* MacroAfternoon04 */ = {
			isa = PBXFileSystemSynchronizedRootGroup;
			exceptions = (
				8D007CE92CD8FEB800FB9E3A /* Exceptions for "MacroAfternoon04" folder in "MacroAfternoon04" target */,
			);
			path = MacroAfternoon04;
			sourceTree = "<group>";
		};
		92B60BE92CB2A7FE003A35DD /* MacroAfternoon04Tests */ = {
			isa = PBXFileSystemSynchronizedRootGroup;
			path = MacroAfternoon04Tests;
			sourceTree = "<group>";
		};
		92B60BF32CB2A7FE003A35DD /* MacroAfternoon04UITests */ = {
			isa = PBXFileSystemSynchronizedRootGroup;
			path = MacroAfternoon04UITests;
			sourceTree = "<group>";
		};
/* End PBXFileSystemSynchronizedRootGroup section */

/* Begin PBXFrameworksBuildPhase section */
		92B60BD12CB2A7C5003A35DD /* Frameworks */ = {
			isa = PBXFrameworksBuildPhase;
			buildActionMask = 2147483647;
			files = (
			);
			runOnlyForDeploymentPostprocessing = 0;
		};
		92B60BE32CB2A7FE003A35DD /* Frameworks */ = {
			isa = PBXFrameworksBuildPhase;
			buildActionMask = 2147483647;
			files = (
			);
			runOnlyForDeploymentPostprocessing = 0;
		};
		92B60BED2CB2A7FE003A35DD /* Frameworks */ = {
			isa = PBXFrameworksBuildPhase;
			buildActionMask = 2147483647;
			files = (
			);
			runOnlyForDeploymentPostprocessing = 0;
		};
/* End PBXFrameworksBuildPhase section */

/* Begin PBXGroup section */
		92B60BCB2CB2A7C4003A35DD = {
			isa = PBXGroup;
			children = (
				92B60BD62CB2A7C5003A35DD /* MacroAfternoon04 */,
				92B60BE92CB2A7FE003A35DD /* MacroAfternoon04Tests */,
				92B60BF32CB2A7FE003A35DD /* MacroAfternoon04UITests */,
				92B60BD52CB2A7C5003A35DD /* Products */,
			);
			sourceTree = "<group>";
		};
		92B60BD52CB2A7C5003A35DD /* Products */ = {
			isa = PBXGroup;
			children = (
				92B60BD42CB2A7C5003A35DD /* MacroAfternoon04.app */,
				92B60BE62CB2A7FE003A35DD /* MacroAfternoon04Tests.xctest */,
				92B60BF02CB2A7FE003A35DD /* MacroAfternoon04UITests.xctest */,
			);
			name = Products;
			sourceTree = "<group>";
		};
/* End PBXGroup section */

/* Begin PBXNativeTarget section */
		92B60BD32CB2A7C5003A35DD /* MacroAfternoon04 */ = {
			isa = PBXNativeTarget;
			buildConfigurationList = 92B60BFA2CB2A7FE003A35DD /* Build configuration list for PBXNativeTarget "MacroAfternoon04" */;
			buildPhases = (
				92B60BD02CB2A7C5003A35DD /* Sources */,
				92B60BD12CB2A7C5003A35DD /* Frameworks */,
				92B60BD22CB2A7C5003A35DD /* Resources */,
			);
			buildRules = (
			);
			dependencies = (
			);
			fileSystemSynchronizedGroups = (
				92B60BD62CB2A7C5003A35DD /* MacroAfternoon04 */,
			);
			name = MacroAfternoon04;
			packageProductDependencies = (
			);
			productName = MacroAfternoon04;
			productReference = 92B60BD42CB2A7C5003A35DD /* MacroAfternoon04.app */;
			productType = "com.apple.product-type.application";
		};
		92B60BE52CB2A7FE003A35DD /* MacroAfternoon04Tests */ = {
			isa = PBXNativeTarget;
			buildConfigurationList = 92B60BFD2CB2A7FE003A35DD /* Build configuration list for PBXNativeTarget "MacroAfternoon04Tests" */;
			buildPhases = (
				92B60BE22CB2A7FE003A35DD /* Sources */,
				92B60BE32CB2A7FE003A35DD /* Frameworks */,
				92B60BE42CB2A7FE003A35DD /* Resources */,
			);
			buildRules = (
			);
			dependencies = (
				92B60BE82CB2A7FE003A35DD /* PBXTargetDependency */,
			);
			fileSystemSynchronizedGroups = (
				92B60BE92CB2A7FE003A35DD /* MacroAfternoon04Tests */,
			);
			name = MacroAfternoon04Tests;
			packageProductDependencies = (
			);
			productName = MacroAfternoon04Tests;
			productReference = 92B60BE62CB2A7FE003A35DD /* MacroAfternoon04Tests.xctest */;
			productType = "com.apple.product-type.bundle.unit-test";
		};
		92B60BEF2CB2A7FE003A35DD /* MacroAfternoon04UITests */ = {
			isa = PBXNativeTarget;
			buildConfigurationList = 92B60C002CB2A7FE003A35DD /* Build configuration list for PBXNativeTarget "MacroAfternoon04UITests" */;
			buildPhases = (
				92B60BEC2CB2A7FE003A35DD /* Sources */,
				92B60BED2CB2A7FE003A35DD /* Frameworks */,
				92B60BEE2CB2A7FE003A35DD /* Resources */,
			);
			buildRules = (
			);
			dependencies = (
				92B60BF22CB2A7FE003A35DD /* PBXTargetDependency */,
			);
			fileSystemSynchronizedGroups = (
				92B60BF32CB2A7FE003A35DD /* MacroAfternoon04UITests */,
			);
			name = MacroAfternoon04UITests;
			packageProductDependencies = (
			);
			productName = MacroAfternoon04UITests;
			productReference = 92B60BF02CB2A7FE003A35DD /* MacroAfternoon04UITests.xctest */;
			productType = "com.apple.product-type.bundle.ui-testing";
		};
/* End PBXNativeTarget section */

/* Begin PBXProject section */
		92B60BCC2CB2A7C5003A35DD /* Project object */ = {
			isa = PBXProject;
			attributes = {
				BuildIndependentTargetsInParallel = 1;
				LastSwiftUpdateCheck = 1600;
				LastUpgradeCheck = 1600;
				TargetAttributes = {
					92B60BD32CB2A7C5003A35DD = {
						CreatedOnToolsVersion = 16.0;
					};
					92B60BE52CB2A7FE003A35DD = {
						CreatedOnToolsVersion = 16.0;
						TestTargetID = 92B60BD32CB2A7C5003A35DD;
					};
					92B60BEF2CB2A7FE003A35DD = {
						CreatedOnToolsVersion = 16.0;
						TestTargetID = 92B60BD32CB2A7C5003A35DD;
					};
				};
			};
			buildConfigurationList = 92B60BCF2CB2A7C5003A35DD /* Build configuration list for PBXProject "MacroAfternoon04" */;
			developmentRegion = en;
			hasScannedForEncodings = 0;
			knownRegions = (
				en,
				Base,
			);
			mainGroup = 92B60BCB2CB2A7C4003A35DD;
			minimizedProjectReferenceProxies = 1;
			preferredProjectObjectVersion = 77;
			productRefGroup = 92B60BD52CB2A7C5003A35DD /* Products */;
			projectDirPath = "";
			projectRoot = "";
			targets = (
				92B60BD32CB2A7C5003A35DD /* MacroAfternoon04 */,
				92B60BE52CB2A7FE003A35DD /* MacroAfternoon04Tests */,
				92B60BEF2CB2A7FE003A35DD /* MacroAfternoon04UITests */,
			);
		};
/* End PBXProject section */

/* Begin PBXResourcesBuildPhase section */
		92B60BD22CB2A7C5003A35DD /* Resources */ = {
			isa = PBXResourcesBuildPhase;
			buildActionMask = 2147483647;
			files = (
			);
			runOnlyForDeploymentPostprocessing = 0;
		};
		92B60BE42CB2A7FE003A35DD /* Resources */ = {
			isa = PBXResourcesBuildPhase;
			buildActionMask = 2147483647;
			files = (
			);
			runOnlyForDeploymentPostprocessing = 0;
		};
		92B60BEE2CB2A7FE003A35DD /* Resources */ = {
			isa = PBXResourcesBuildPhase;
			buildActionMask = 2147483647;
			files = (
			);
			runOnlyForDeploymentPostprocessing = 0;
		};
/* End PBXResourcesBuildPhase section */

/* Begin PBXSourcesBuildPhase section */
		92B60BD02CB2A7C5003A35DD /* Sources */ = {
			isa = PBXSourcesBuildPhase;
			buildActionMask = 2147483647;
			files = (
			);
			runOnlyForDeploymentPostprocessing = 0;
		};
		92B60BE22CB2A7FE003A35DD /* Sources */ = {
			isa = PBXSourcesBuildPhase;
			buildActionMask = 2147483647;
			files = (
			);
			runOnlyForDeploymentPostprocessing = 0;
		};
		92B60BEC2CB2A7FE003A35DD /* Sources */ = {
			isa = PBXSourcesBuildPhase;
			buildActionMask = 2147483647;
			files = (
			);
			runOnlyForDeploymentPostprocessing = 0;
		};
/* End PBXSourcesBuildPhase section */

/* Begin PBXTargetDependency section */
		92B60BE82CB2A7FE003A35DD /* PBXTargetDependency */ = {
			isa = PBXTargetDependency;
			target = 92B60BD32CB2A7C5003A35DD /* MacroAfternoon04 */;
			targetProxy = 92B60BE72CB2A7FE003A35DD /* PBXContainerItemProxy */;
		};
		92B60BF22CB2A7FE003A35DD /* PBXTargetDependency */ = {
			isa = PBXTargetDependency;
			target = 92B60BD32CB2A7C5003A35DD /* MacroAfternoon04 */;
			targetProxy = 92B60BF12CB2A7FE003A35DD /* PBXContainerItemProxy */;
		};
/* End PBXTargetDependency section */

/* Begin XCBuildConfiguration section */
		92B60BF82CB2A7FE003A35DD /* Debug */ = {
			isa = XCBuildConfiguration;
			buildSettings = {
				ALWAYS_SEARCH_USER_PATHS = NO;
				ASSETCATALOG_COMPILER_GENERATE_SWIFT_ASSET_SYMBOL_EXTENSIONS = YES;
				CLANG_ANALYZER_NONNULL = YES;
				CLANG_ANALYZER_NUMBER_OBJECT_CONVERSION = YES_AGGRESSIVE;
				CLANG_CXX_LANGUAGE_STANDARD = "gnu++20";
				CLANG_ENABLE_MODULES = YES;
				CLANG_ENABLE_OBJC_ARC = YES;
				CLANG_ENABLE_OBJC_WEAK = YES;
				CLANG_WARN_BLOCK_CAPTURE_AUTORELEASING = YES;
				CLANG_WARN_BOOL_CONVERSION = YES;
				CLANG_WARN_COMMA = YES;
				CLANG_WARN_CONSTANT_CONVERSION = YES;
				CLANG_WARN_DEPRECATED_OBJC_IMPLEMENTATIONS = YES;
				CLANG_WARN_DIRECT_OBJC_ISA_USAGE = YES_ERROR;
				CLANG_WARN_DOCUMENTATION_COMMENTS = YES;
				CLANG_WARN_EMPTY_BODY = YES;
				CLANG_WARN_ENUM_CONVERSION = YES;
				CLANG_WARN_INFINITE_RECURSION = YES;
				CLANG_WARN_INT_CONVERSION = YES;
				CLANG_WARN_NON_LITERAL_NULL_CONVERSION = YES;
				CLANG_WARN_OBJC_IMPLICIT_RETAIN_SELF = YES;
				CLANG_WARN_OBJC_LITERAL_CONVERSION = YES;
				CLANG_WARN_OBJC_ROOT_CLASS = YES_ERROR;
				CLANG_WARN_QUOTED_INCLUDE_IN_FRAMEWORK_HEADER = YES;
				CLANG_WARN_RANGE_LOOP_ANALYSIS = YES;
				CLANG_WARN_STRICT_PROTOTYPES = YES;
				CLANG_WARN_SUSPICIOUS_MOVE = YES;
				CLANG_WARN_UNGUARDED_AVAILABILITY = YES_AGGRESSIVE;
				CLANG_WARN_UNREACHABLE_CODE = YES;
				CLANG_WARN__DUPLICATE_METHOD_MATCH = YES;
				COPY_PHASE_STRIP = NO;
				DEBUG_INFORMATION_FORMAT = dwarf;
				ENABLE_STRICT_OBJC_MSGSEND = YES;
				ENABLE_TESTABILITY = YES;
				ENABLE_USER_SCRIPT_SANDBOXING = YES;
				GCC_C_LANGUAGE_STANDARD = gnu17;
				GCC_DYNAMIC_NO_PIC = NO;
				GCC_NO_COMMON_BLOCKS = YES;
				GCC_OPTIMIZATION_LEVEL = 0;
				GCC_PREPROCESSOR_DEFINITIONS = (
					"DEBUG=1",
					"$(inherited)",
				);
				GCC_WARN_64_TO_32_BIT_CONVERSION = YES;
				GCC_WARN_ABOUT_RETURN_TYPE = YES_ERROR;
				GCC_WARN_UNDECLARED_SELECTOR = YES;
				GCC_WARN_UNINITIALIZED_AUTOS = YES_AGGRESSIVE;
				GCC_WARN_UNUSED_FUNCTION = YES;
				GCC_WARN_UNUSED_VARIABLE = YES;
				IPHONEOS_DEPLOYMENT_TARGET = 18.0;
				LOCALIZATION_PREFERS_STRING_CATALOGS = YES;
				MTL_ENABLE_DEBUG_INFO = INCLUDE_SOURCE;
				MTL_FAST_MATH = YES;
				ONLY_ACTIVE_ARCH = YES;
				SDKROOT = iphoneos;
				SWIFT_ACTIVE_COMPILATION_CONDITIONS = "DEBUG $(inherited)";
				SWIFT_OPTIMIZATION_LEVEL = "-Onone";
			};
			name = Debug;
		};
		92B60BF92CB2A7FE003A35DD /* Release */ = {
			isa = XCBuildConfiguration;
			buildSettings = {
				ALWAYS_SEARCH_USER_PATHS = NO;
				ASSETCATALOG_COMPILER_GENERATE_SWIFT_ASSET_SYMBOL_EXTENSIONS = YES;
				CLANG_ANALYZER_NONNULL = YES;
				CLANG_ANALYZER_NUMBER_OBJECT_CONVERSION = YES_AGGRESSIVE;
				CLANG_CXX_LANGUAGE_STANDARD = "gnu++20";
				CLANG_ENABLE_MODULES = YES;
				CLANG_ENABLE_OBJC_ARC = YES;
				CLANG_ENABLE_OBJC_WEAK = YES;
				CLANG_WARN_BLOCK_CAPTURE_AUTORELEASING = YES;
				CLANG_WARN_BOOL_CONVERSION = YES;
				CLANG_WARN_COMMA = YES;
				CLANG_WARN_CONSTANT_CONVERSION = YES;
				CLANG_WARN_DEPRECATED_OBJC_IMPLEMENTATIONS = YES;
				CLANG_WARN_DIRECT_OBJC_ISA_USAGE = YES_ERROR;
				CLANG_WARN_DOCUMENTATION_COMMENTS = YES;
				CLANG_WARN_EMPTY_BODY = YES;
				CLANG_WARN_ENUM_CONVERSION = YES;
				CLANG_WARN_INFINITE_RECURSION = YES;
				CLANG_WARN_INT_CONVERSION = YES;
				CLANG_WARN_NON_LITERAL_NULL_CONVERSION = YES;
				CLANG_WARN_OBJC_IMPLICIT_RETAIN_SELF = YES;
				CLANG_WARN_OBJC_LITERAL_CONVERSION = YES;
				CLANG_WARN_OBJC_ROOT_CLASS = YES_ERROR;
				CLANG_WARN_QUOTED_INCLUDE_IN_FRAMEWORK_HEADER = YES;
				CLANG_WARN_RANGE_LOOP_ANALYSIS = YES;
				CLANG_WARN_STRICT_PROTOTYPES = YES;
				CLANG_WARN_SUSPICIOUS_MOVE = YES;
				CLANG_WARN_UNGUARDED_AVAILABILITY = YES_AGGRESSIVE;
				CLANG_WARN_UNREACHABLE_CODE = YES;
				CLANG_WARN__DUPLICATE_METHOD_MATCH = YES;
				COPY_PHASE_STRIP = NO;
				DEBUG_INFORMATION_FORMAT = "dwarf-with-dsym";
				ENABLE_NS_ASSERTIONS = NO;
				ENABLE_STRICT_OBJC_MSGSEND = YES;
				ENABLE_USER_SCRIPT_SANDBOXING = YES;
				GCC_C_LANGUAGE_STANDARD = gnu17;
				GCC_NO_COMMON_BLOCKS = YES;
				GCC_WARN_64_TO_32_BIT_CONVERSION = YES;
				GCC_WARN_ABOUT_RETURN_TYPE = YES_ERROR;
				GCC_WARN_UNDECLARED_SELECTOR = YES;
				GCC_WARN_UNINITIALIZED_AUTOS = YES_AGGRESSIVE;
				GCC_WARN_UNUSED_FUNCTION = YES;
				GCC_WARN_UNUSED_VARIABLE = YES;
				IPHONEOS_DEPLOYMENT_TARGET = 18.0;
				LOCALIZATION_PREFERS_STRING_CATALOGS = YES;
				MTL_ENABLE_DEBUG_INFO = NO;
				MTL_FAST_MATH = YES;
				SDKROOT = iphoneos;
				SWIFT_COMPILATION_MODE = wholemodule;
				VALIDATE_PRODUCT = YES;
			};
			name = Release;
		};
		92B60BFB2CB2A7FE003A35DD /* Debug */ = {
			isa = XCBuildConfiguration;
			buildSettings = {
				ASSETCATALOG_COMPILER_APPICON_NAME = AppIcon;
				ASSETCATALOG_COMPILER_GLOBAL_ACCENT_COLOR_NAME = AccentColor;
				CODE_SIGN_ENTITLEMENTS = MacroAfternoon04/MacroAfternoon04.entitlements;
				CODE_SIGN_IDENTITY = "Apple Development";
				CODE_SIGN_STYLE = Automatic;
				CURRENT_PROJECT_VERSION = 1;
				DEVELOPMENT_ASSET_PATHS = "\"MacroAfternoon04/Preview Content\"";
				DEVELOPMENT_TEAM = PV62VMPQYM;
				ENABLE_PREVIEWS = YES;
				GENERATE_INFOPLIST_FILE = YES;
				INFOPLIST_FILE = MacroAfternoon04/Info.plist;
				INFOPLIST_KEY_CFBundleDisplayName = Serene;
				INFOPLIST_KEY_LSApplicationCategoryType = "public.app-category.healthcare-fitness";
				INFOPLIST_KEY_NSCameraUsageDescription = "Camera is used to capturing photos.";
				INFOPLIST_KEY_NSHealthShareUsageDescription = "Read data from health app";
				INFOPLIST_KEY_NSHealthUpdateUsageDescription = "Write data from health app";
				INFOPLIST_KEY_UIApplicationSceneManifest_Generation = YES;
				INFOPLIST_KEY_UIApplicationSupportsIndirectInputEvents = YES;
				INFOPLIST_KEY_UILaunchScreen_Generation = YES;
				INFOPLIST_KEY_UISupportedInterfaceOrientations = UIInterfaceOrientationPortrait;
				INFOPLIST_KEY_UISupportedInterfaceOrientations_iPad = "UIInterfaceOrientationLandscapeLeft UIInterfaceOrientationLandscapeRight UIInterfaceOrientationPortrait UIInterfaceOrientationPortraitUpsideDown";
				INFOPLIST_KEY_UIUserInterfaceStyle = Light;
				IPHONEOS_DEPLOYMENT_TARGET = 18.0;
				LD_RUNPATH_SEARCH_PATHS = (
					"$(inherited)",
					"@executable_path/Frameworks",
				);
				MARKETING_VERSION = 1.0;
				PRODUCT_BUNDLE_IDENTIFIER = ndylan.MacroAfternoon04.alvin;
				PRODUCT_NAME = "$(TARGET_NAME)";
				PROVISIONING_PROFILE_SPECIFIER = "";
				SUPPORTED_PLATFORMS = "iphoneos iphonesimulator";
				SUPPORTS_MACCATALYST = NO;
				SUPPORTS_MAC_DESIGNED_FOR_IPHONE_IPAD = NO;
				SUPPORTS_XR_DESIGNED_FOR_IPHONE_IPAD = NO;
				SWIFT_EMIT_LOC_STRINGS = YES;
				SWIFT_VERSION = 5.0;
				TARGETED_DEVICE_FAMILY = 1;
			};
			name = Debug;
		};
		92B60BFC2CB2A7FE003A35DD /* Release */ = {
			isa = XCBuildConfiguration;
			buildSettings = {
				ASSETCATALOG_COMPILER_APPICON_NAME = AppIcon;
				ASSETCATALOG_COMPILER_GLOBAL_ACCENT_COLOR_NAME = AccentColor;
				CODE_SIGN_ENTITLEMENTS = MacroAfternoon04/MacroAfternoon04.entitlements;
				CODE_SIGN_IDENTITY = "Apple Development";
				CODE_SIGN_STYLE = Automatic;
				CURRENT_PROJECT_VERSION = 1;
				DEVELOPMENT_ASSET_PATHS = "\"MacroAfternoon04/Preview Content\"";
				DEVELOPMENT_TEAM = PV62VMPQYM;
				ENABLE_PREVIEWS = YES;
				GENERATE_INFOPLIST_FILE = YES;
				INFOPLIST_FILE = MacroAfternoon04/Info.plist;
				INFOPLIST_KEY_CFBundleDisplayName = Serene;
				INFOPLIST_KEY_LSApplicationCategoryType = "public.app-category.healthcare-fitness";
				INFOPLIST_KEY_NSCameraUsageDescription = "Camera is used to capturing photos.";
				INFOPLIST_KEY_NSHealthShareUsageDescription = "Read data from health app";
				INFOPLIST_KEY_NSHealthUpdateUsageDescription = "Write data from health app";
				INFOPLIST_KEY_UIApplicationSceneManifest_Generation = YES;
				INFOPLIST_KEY_UIApplicationSupportsIndirectInputEvents = YES;
				INFOPLIST_KEY_UILaunchScreen_Generation = YES;
				INFOPLIST_KEY_UISupportedInterfaceOrientations = UIInterfaceOrientationPortrait;
				INFOPLIST_KEY_UISupportedInterfaceOrientations_iPad = "UIInterfaceOrientationLandscapeLeft UIInterfaceOrientationLandscapeRight UIInterfaceOrientationPortrait UIInterfaceOrientationPortraitUpsideDown";
				INFOPLIST_KEY_UIUserInterfaceStyle = Light;
				IPHONEOS_DEPLOYMENT_TARGET = 18.0;
				LD_RUNPATH_SEARCH_PATHS = (
					"$(inherited)",
					"@executable_path/Frameworks",
				);
				MARKETING_VERSION = 1.0;
				PRODUCT_BUNDLE_IDENTIFIER = ndylan.MacroAfternoon04.alvin;
				PRODUCT_NAME = "$(TARGET_NAME)";
				PROVISIONING_PROFILE_SPECIFIER = "";
				SUPPORTED_PLATFORMS = "iphoneos iphonesimulator";
				SUPPORTS_MACCATALYST = NO;
				SUPPORTS_MAC_DESIGNED_FOR_IPHONE_IPAD = NO;
				SUPPORTS_XR_DESIGNED_FOR_IPHONE_IPAD = NO;
				SWIFT_EMIT_LOC_STRINGS = YES;
				SWIFT_VERSION = 5.0;
				TARGETED_DEVICE_FAMILY = 1;
			};
			name = Release;
		};
		92B60BFE2CB2A7FE003A35DD /* Debug */ = {
			isa = XCBuildConfiguration;
			buildSettings = {
				BUNDLE_LOADER = "$(TEST_HOST)";
				CODE_SIGN_STYLE = Automatic;
				CURRENT_PROJECT_VERSION = 1;
				DEVELOPMENT_TEAM = RSBCF2NM6N;
				GENERATE_INFOPLIST_FILE = YES;
				IPHONEOS_DEPLOYMENT_TARGET = 18.0;
				MARKETING_VERSION = 1.0;
				PRODUCT_BUNDLE_IDENTIFIER = ndylan.MacroAfternoon04Tests;
				PRODUCT_NAME = "$(TARGET_NAME)";
				SWIFT_EMIT_LOC_STRINGS = NO;
				SWIFT_VERSION = 5.0;
				TARGETED_DEVICE_FAMILY = "1,2";
				TEST_HOST = "$(BUILT_PRODUCTS_DIR)/MacroAfternoon04.app/$(BUNDLE_EXECUTABLE_FOLDER_PATH)/MacroAfternoon04";
			};
			name = Debug;
		};
		92B60BFF2CB2A7FE003A35DD /* Release */ = {
			isa = XCBuildConfiguration;
			buildSettings = {
				BUNDLE_LOADER = "$(TEST_HOST)";
				CODE_SIGN_STYLE = Automatic;
				CURRENT_PROJECT_VERSION = 1;
				DEVELOPMENT_TEAM = RSBCF2NM6N;
				GENERATE_INFOPLIST_FILE = YES;
				IPHONEOS_DEPLOYMENT_TARGET = 18.0;
				MARKETING_VERSION = 1.0;
				PRODUCT_BUNDLE_IDENTIFIER = ndylan.MacroAfternoon04Tests;
				PRODUCT_NAME = "$(TARGET_NAME)";
				SWIFT_EMIT_LOC_STRINGS = NO;
				SWIFT_VERSION = 5.0;
				TARGETED_DEVICE_FAMILY = "1,2";
				TEST_HOST = "$(BUILT_PRODUCTS_DIR)/MacroAfternoon04.app/$(BUNDLE_EXECUTABLE_FOLDER_PATH)/MacroAfternoon04";
			};
			name = Release;
		};
		92B60C012CB2A7FE003A35DD /* Debug */ = {
			isa = XCBuildConfiguration;
			buildSettings = {
				CODE_SIGN_STYLE = Automatic;
				CURRENT_PROJECT_VERSION = 1;
				DEVELOPMENT_TEAM = RSBCF2NM6N;
				GENERATE_INFOPLIST_FILE = YES;
				MARKETING_VERSION = 1.0;
				PRODUCT_BUNDLE_IDENTIFIER = ndylan.MacroAfternoon04UITests;
				PRODUCT_NAME = "$(TARGET_NAME)";
				SWIFT_EMIT_LOC_STRINGS = NO;
				SWIFT_VERSION = 5.0;
				TARGETED_DEVICE_FAMILY = "1,2";
				TEST_TARGET_NAME = MacroAfternoon04;
			};
			name = Debug;
		};
		92B60C022CB2A7FE003A35DD /* Release */ = {
			isa = XCBuildConfiguration;
			buildSettings = {
				CODE_SIGN_STYLE = Automatic;
				CURRENT_PROJECT_VERSION = 1;
				DEVELOPMENT_TEAM = RSBCF2NM6N;
				GENERATE_INFOPLIST_FILE = YES;
				MARKETING_VERSION = 1.0;
				PRODUCT_BUNDLE_IDENTIFIER = ndylan.MacroAfternoon04UITests;
				PRODUCT_NAME = "$(TARGET_NAME)";
				SWIFT_EMIT_LOC_STRINGS = NO;
				SWIFT_VERSION = 5.0;
				TARGETED_DEVICE_FAMILY = "1,2";
				TEST_TARGET_NAME = MacroAfternoon04;
			};
			name = Release;
		};
/* End XCBuildConfiguration section */

/* Begin XCConfigurationList section */
		92B60BCF2CB2A7C5003A35DD /* Build configuration list for PBXProject "MacroAfternoon04" */ = {
			isa = XCConfigurationList;
			buildConfigurations = (
				92B60BF82CB2A7FE003A35DD /* Debug */,
				92B60BF92CB2A7FE003A35DD /* Release */,
			);
			defaultConfigurationIsVisible = 0;
			defaultConfigurationName = Release;
		};
		92B60BFA2CB2A7FE003A35DD /* Build configuration list for PBXNativeTarget "MacroAfternoon04" */ = {
			isa = XCConfigurationList;
			buildConfigurations = (
				92B60BFB2CB2A7FE003A35DD /* Debug */,
				92B60BFC2CB2A7FE003A35DD /* Release */,
			);
			defaultConfigurationIsVisible = 0;
			defaultConfigurationName = Release;
		};
		92B60BFD2CB2A7FE003A35DD /* Build configuration list for PBXNativeTarget "MacroAfternoon04Tests" */ = {
			isa = XCConfigurationList;
			buildConfigurations = (
				92B60BFE2CB2A7FE003A35DD /* Debug */,
				92B60BFF2CB2A7FE003A35DD /* Release */,
			);
			defaultConfigurationIsVisible = 0;
			defaultConfigurationName = Release;
		};
		92B60C002CB2A7FE003A35DD /* Build configuration list for PBXNativeTarget "MacroAfternoon04UITests" */ = {
			isa = XCConfigurationList;
			buildConfigurations = (
				92B60C012CB2A7FE003A35DD /* Debug */,
				92B60C022CB2A7FE003A35DD /* Release */,
			);
			defaultConfigurationIsVisible = 0;
			defaultConfigurationName = Release;
		};
/* End XCConfigurationList section */
	};
	rootObject = 92B60BCC2CB2A7C5003A35DD /* Project object */;
}
